
Microsoft Visual Studio Solution File, Format Version 12.00
# Visual Studio 2015
Project("{FAE04EC0-301F-11D3-BF4B-00C04F79EFBC}") = "Demo Proejct.Plugins", "Demo Proejct.Plugins.csproj", "{E1E4B9DD-7BC6-1587-674A-7C95E02DBF4B}"
EndProject
Project("{FAE04EC0-301F-11D3-BF4B-00C04F79EFBC}") = "Demo Proejct", "Demo Proejct.csproj", "{42386964-02AD-23F1-3E87-53448FD56098}"
EndProject
Global
	GlobalSection(SolutionConfigurationPlatforms) = preSolution
		Debug|Any CPU = Debug|Any CPU
		Release|Any CPU = Release|Any CPU
	EndGlobalSection
	GlobalSection(ProjectConfigurationPlatforms) = postSolution
		{E1E4B9DD-7BC6-1587-674A-7C95E02DBF4B}.Debug|Any CPU.ActiveCfg = Debug|Any CPU
		{E1E4B9DD-7BC6-1587-674A-7C95E02DBF4B}.Debug|Any CPU.Build.0 = Debug|Any CPU
		{E1E4B9DD-7BC6-1587-674A-7C95E02DBF4B}.Release|Any CPU.ActiveCfg = Release|Any CPU
		{E1E4B9DD-7BC6-1587-674A-7C95E02DBF4B}.Release|Any CPU.Build.0 = Release|Any CPU
		{42386964-02AD-23F1-3E87-53448FD56098}.Debug|Any CPU.ActiveCfg = Debug|Any CPU
		{42386964-02AD-23F1-3E87-53448FD56098}.Debug|Any CPU.Build.0 = Debug|Any CPU
		{42386964-02AD-23F1-3E87-53448FD56098}.Release|Any CPU.ActiveCfg = Release|Any CPU
		{42386964-02AD-23F1-3E87-53448FD56098}.Release|Any CPU.Build.0 = Release|Any CPU
	EndGlobalSection
	GlobalSection(SolutionProperties) = preSolution
		HideSolutionNode = FALSE
	EndGlobalSection
EndGlobal
